
Microsoft Visual Studio Solution File, Format Version 12.00
# Visual Studio Version 17
VisualStudioVersion = 17.6.33815.320
MinimumVisualStudioVersion = 10.0.40219.1
Project("{FAE04EC0-301F-11D3-BF4B-00C04F79EFBC}") = "ProjectMGN", "ProjectMGN\ProjectMGN.csproj", "{531B1B94-7DA3-428F-8EE3-1939213FBC09}"
EndProject
Global
	GlobalSection(SolutionConfigurationPlatforms) = preSolution
		Debug|Any CPU = Debug|Any CPU
		Release|Any CPU = Release|Any CPU
	EndGlobalSection
	GlobalSection(ProjectConfigurationPlatforms) = postSolution
		{531B1B94-7DA3-428F-8EE3-1939213FBC09}.Debug|Any CPU.ActiveCfg = Debug|Any CPU
		{531B1B94-7DA3-428F-8EE3-1939213FBC09}.Debug|Any CPU.Build.0 = Debug|Any CPU
		{531B1B94-7DA3-428F-8EE3-1939213FBC09}.Release|Any CPU.ActiveCfg = Release|Any CPU
		{531B1B94-7DA3-428F-8EE3-1939213FBC09}.Release|Any CPU.Build.0 = Release|Any CPU
	EndGlobalSection
	GlobalSection(SolutionProperties) = preSolution
		HideSolutionNode = FALSE
	EndGlobalSection
	GlobalSection(ExtensibilityGlobals) = postSolution
		SolutionGuid = {0583AC73-55EC-4F26-9BA2-B77E847101F1}
	EndGlobalSection
EndGlobal
